// !$*UTF8*$!
{
	archiveVersion = 1;
	classes = {
	};
	objectVersion = 46;
	objects = {

/* Begin PBXBuildFile section */
		7A3005961D5238DD00A7B1A4 /* main.m in Sources */ = {isa = PBXBuildFile; fileRef = 7A3005951D5238DD00A7B1A4 /* main.m */; };
		7A3005991D5238DD00A7B1A4 /* AppDelegate.m in Sources */ = {isa = PBXBuildFile; fileRef = 7A3005981D5238DD00A7B1A4 /* AppDelegate.m */; };
		7A30059C1D5238DD00A7B1A4 /* MasterViewController.m in Sources */ = {isa = PBXBuildFile; fileRef = 7A30059B1D5238DD00A7B1A4 /* MasterViewController.m */; };
		7A30059F1D5238DD00A7B1A4 /* DetailViewController.m in Sources */ = {isa = PBXBuildFile; fileRef = 7A30059E1D5238DD00A7B1A4 /* DetailViewController.m */; };
		7A3005A21D5238DD00A7B1A4 /* Main.storyboard in Resources */ = {isa = PBXBuildFile; fileRef = 7A3005A01D5238DD00A7B1A4 /* Main.storyboard */; };
		7A3005A41D5238DD00A7B1A4 /* Assets.xcassets in Resources */ = {isa = PBXBuildFile; fileRef = 7A3005A31D5238DD00A7B1A4 /* Assets.xcassets */; };
		7A3005A71D5238DD00A7B1A4 /* LaunchScreen.storyboard in Resources */ = {isa = PBXBuildFile; fileRef = 7A3005A51D5238DD00A7B1A4 /* LaunchScreen.storyboard */; };
		7A3005B21D5238DD00A7B1A4 /* XTYCrashFinderTests.m in Sources */ = {isa = PBXBuildFile; fileRef = 7A3005B11D5238DD00A7B1A4 /* XTYCrashFinderTests.m */; };
		7A3005BD1D5238DD00A7B1A4 /* XTYCrashFinderUITests.m in Sources */ = {isa = PBXBuildFile; fileRef = 7A3005BC1D5238DD00A7B1A4 /* XTYCrashFinderUITests.m */; };
		7A3005CE1D52395200A7B1A4 /* XTYCrashFinderItem.m in Sources */ = {isa = PBXBuildFile; fileRef = 7A3005CD1D52395200A7B1A4 /* XTYCrashFinderItem.m */; };
		7A3005D11D52397C00A7B1A4 /* XTYCrashFinder.m in Sources */ = {isa = PBXBuildFile; fileRef = 7A3005D01D52397C00A7B1A4 /* XTYCrashFinder.m */; };
/* End PBXBuildFile section */

/* Begin PBXContainerItemProxy section */
		7A3005AE1D5238DD00A7B1A4 /* PBXContainerItemProxy */ = {
			isa = PBXContainerItemProxy;
			containerPortal = 7A3005891D5238DD00A7B1A4 /* Project object */;
			proxyType = 1;
			remoteGlobalIDString = 7A3005901D5238DD00A7B1A4;
			remoteInfo = XTYCrashFinder;
		};
		7A3005B91D5238DD00A7B1A4 /* PBXContainerItemProxy */ = {
			isa = PBXContainerItemProxy;
			containerPortal = 7A3005891D5238DD00A7B1A4 /* Project object */;
			proxyType = 1;
			remoteGlobalIDString = 7A3005901D5238DD00A7B1A4;
			remoteInfo = XTYCrashFinder;
		};
/* End PBXContainerItemProxy section */

/* Begin PBXFileReference section */
		7A3005911D5238DD00A7B1A4 /* XTYCrashFinder.app */ = {isa = PBXFileReference; explicitFileType = wrapper.application; includeInIndex = 0; path = XTYCrashFinder.app; sourceTree = BUILT_PRODUCTS_DIR; };
		7A3005951D5238DD00A7B1A4 /* main.m */ = {isa = PBXFileReference; lastKnownFileType = sourcecode.c.objc; path = main.m; sourceTree = "<group>"; };
		7A3005971D5238DD00A7B1A4 /* AppDelegate.h */ = {isa = PBXFileReference; lastKnownFileType = sourcecode.c.h; path = AppDelegate.h; sourceTree = "<group>"; };
		7A3005981D5238DD00A7B1A4 /* AppDelegate.m */ = {isa = PBXFileReference; lastKnownFileType = sourcecode.c.objc; path = AppDelegate.m; sourceTree = "<group>"; };
		7A30059A1D5238DD00A7B1A4 /* MasterViewController.h */ = {isa = PBXFileReference; lastKnownFileType = sourcecode.c.h; path = MasterViewController.h; sourceTree = "<group>"; };
		7A30059B1D5238DD00A7B1A4 /* MasterViewController.m */ = {isa = PBXFileReference; lastKnownFileType = sourcecode.c.objc; path = MasterViewController.m; sourceTree = "<group>"; };
		7A30059D1D5238DD00A7B1A4 /* DetailViewController.h */ = {isa = PBXFileReference; lastKnownFileType = sourcecode.c.h; path = DetailViewController.h; sourceTree = "<group>"; };
		7A30059E1D5238DD00A7B1A4 /* DetailViewController.m */ = {isa = PBXFileReference; lastKnownFileType = sourcecode.c.objc; path = DetailViewController.m; sourceTree = "<group>"; };
		7A3005A11D5238DD00A7B1A4 /* Base */ = {isa = PBXFileReference; lastKnownFileType = file.storyboard; name = Base; path = Base.lproj/Main.storyboard; sourceTree = "<group>"; };
		7A3005A31D5238DD00A7B1A4 /* Assets.xcassets */ = {isa = PBXFileReference; lastKnownFileType = folder.assetcatalog; path = Assets.xcassets; sourceTree = "<group>"; };
		7A3005A61D5238DD00A7B1A4 /* Base */ = {isa = PBXFileReference; lastKnownFileType = file.storyboard; name = Base; path = Base.lproj/LaunchScreen.storyboard; sourceTree = "<group>"; };
		7A3005A81D5238DD00A7B1A4 /* Info.plist */ = {isa = PBXFileReference; lastKnownFileType = text.plist.xml; path = Info.plist; sourceTree = "<group>"; };
		7A3005AD1D5238DD00A7B1A4 /* XTYCrashFinderTests.xctest */ = {isa = PBXFileReference; explicitFileType = wrapper.cfbundle; includeInIndex = 0; path = XTYCrashFinderTests.xctest; sourceTree = BUILT_PRODUCTS_DIR; };
		7A3005B11D5238DD00A7B1A4 /* XTYCrashFinderTests.m */ = {isa = PBXFileReference; lastKnownFileType = sourcecode.c.objc; path = XTYCrashFinderTests.m; sourceTree = "<group>"; };
		7A3005B31D5238DD00A7B1A4 /* Info.plist */ = {isa = PBXFileReference; lastKnownFileType = text.plist.xml; path = Info.plist; sourceTree = "<group>"; };
		7A3005B81D5238DD00A7B1A4 /* XTYCrashFinderUITests.xctest */ = {isa = PBXFileReference; explicitFileType = wrapper.cfbundle; includeInIndex = 0; path = XTYCrashFinderUITests.xctest; sourceTree = BUILT_PRODUCTS_DIR; };
		7A3005BC1D5238DD00A7B1A4 /* XTYCrashFinderUITests.m */ = {isa = PBXFileReference; lastKnownFileType = sourcecode.c.objc; path = XTYCrashFinderUITests.m; sourceTree = "<group>"; };
		7A3005BE1D5238DD00A7B1A4 /* Info.plist */ = {isa = PBXFileReference; lastKnownFileType = text.plist.xml; path = Info.plist; sourceTree = "<group>"; };
		7A3005CC1D52395200A7B1A4 /* XTYCrashFinderItem.h */ = {isa = PBXFileReference; fileEncoding = 4; lastKnownFileType = sourcecode.c.h; path = XTYCrashFinderItem.h; sourceTree = "<group>"; };
		7A3005CD1D52395200A7B1A4 /* XTYCrashFinderItem.m */ = {isa = PBXFileReference; fileEncoding = 4; lastKnownFileType = sourcecode.c.objc; path = XTYCrashFinderItem.m; sourceTree = "<group>"; };
		7A3005CF1D52397C00A7B1A4 /* XTYCrashFinder.h */ = {isa = PBXFileReference; fileEncoding = 4; lastKnownFileType = sourcecode.c.h; path = XTYCrashFinder.h; sourceTree = "<group>"; };
		7A3005D01D52397C00A7B1A4 /* XTYCrashFinder.m */ = {isa = PBXFileReference; fileEncoding = 4; lastKnownFileType = sourcecode.c.objc; path = XTYCrashFinder.m; sourceTree = "<group>"; };
/* End PBXFileReference section */

/* Begin PBXFrameworksBuildPhase section */
		7A30058E1D5238DD00A7B1A4 /* Frameworks */ = {
			isa = PBXFrameworksBuildPhase;
			buildActionMask = 2147483647;
			files = (
			);
			runOnlyForDeploymentPostprocessing = 0;
		};
		7A3005AA1D5238DD00A7B1A4 /* Frameworks */ = {
			isa = PBXFrameworksBuildPhase;
			buildActionMask = 2147483647;
			files = (
			);
			runOnlyForDeploymentPostprocessing = 0;
		};
		7A3005B51D5238DD00A7B1A4 /* Frameworks */ = {
			isa = PBXFrameworksBuildPhase;
			buildActionMask = 2147483647;
			files = (
			);
			runOnlyForDeploymentPostprocessing = 0;
		};
/* End PBXFrameworksBuildPhase section */

/* Begin PBXGroup section */
		7A3005881D5238DD00A7B1A4 = {
			isa = PBXGroup;
			children = (
				7A3005931D5238DD00A7B1A4 /* XTYCrashFinder */,
				7A3005B01D5238DD00A7B1A4 /* XTYCrashFinderTests */,
				7A3005BB1D5238DD00A7B1A4 /* XTYCrashFinderUITests */,
				7A3005921D5238DD00A7B1A4 /* Products */,
			);
			sourceTree = "<group>";
		};
		7A3005921D5238DD00A7B1A4 /* Products */ = {
			isa = PBXGroup;
			children = (
				7A3005911D5238DD00A7B1A4 /* XTYCrashFinder.app */,
				7A3005AD1D5238DD00A7B1A4 /* XTYCrashFinderTests.xctest */,
				7A3005B81D5238DD00A7B1A4 /* XTYCrashFinderUITests.xctest */,
			);
			name = Products;
			sourceTree = "<group>";
		};
		7A3005931D5238DD00A7B1A4 /* XTYCrashFinder */ = {
			isa = PBXGroup;
			children = (
				7A3005CB1D52392E00A7B1A4 /* CrashFinder */,
				7A3005CA1D5238EE00A7B1A4 /* BaseFile */,
				7A3005941D5238DD00A7B1A4 /* Supporting Files */,
			);
			path = XTYCrashFinder;
			sourceTree = "<group>";
		};
		7A3005941D5238DD00A7B1A4 /* Supporting Files */ = {
			isa = PBXGroup;
			children = (
				7A3005951D5238DD00A7B1A4 /* main.m */,
			);
			name = "Supporting Files";
			sourceTree = "<group>";
		};
		7A3005B01D5238DD00A7B1A4 /* XTYCrashFinderTests */ = {
			isa = PBXGroup;
			children = (
				7A3005B11D5238DD00A7B1A4 /* XTYCrashFinderTests.m */,
				7A3005B31D5238DD00A7B1A4 /* Info.plist */,
			);
			path = XTYCrashFinderTests;
			sourceTree = "<group>";
		};
		7A3005BB1D5238DD00A7B1A4 /* XTYCrashFinderUITests */ = {
			isa = PBXGroup;
			children = (
				7A3005BC1D5238DD00A7B1A4 /* XTYCrashFinderUITests.m */,
				7A3005BE1D5238DD00A7B1A4 /* Info.plist */,
			);
			path = XTYCrashFinderUITests;
			sourceTree = "<group>";
		};
		7A3005CA1D5238EE00A7B1A4 /* BaseFile */ = {
			isa = PBXGroup;
			children = (
				7A3005971D5238DD00A7B1A4 /* AppDelegate.h */,
				7A3005981D5238DD00A7B1A4 /* AppDelegate.m */,
				7A30059A1D5238DD00A7B1A4 /* MasterViewController.h */,
				7A30059B1D5238DD00A7B1A4 /* MasterViewController.m */,
				7A30059D1D5238DD00A7B1A4 /* DetailViewController.h */,
				7A30059E1D5238DD00A7B1A4 /* DetailViewController.m */,
				7A3005A01D5238DD00A7B1A4 /* Main.storyboard */,
				7A3005A31D5238DD00A7B1A4 /* Assets.xcassets */,
				7A3005A51D5238DD00A7B1A4 /* LaunchScreen.storyboard */,
				7A3005A81D5238DD00A7B1A4 /* Info.plist */,
			);
			name = BaseFile;
			sourceTree = "<group>";
		};
		7A3005CB1D52392E00A7B1A4 /* CrashFinder */ = {
			isa = PBXGroup;
			children = (
				7A3005CC1D52395200A7B1A4 /* XTYCrashFinderItem.h */,
				7A3005CD1D52395200A7B1A4 /* XTYCrashFinderItem.m */,
				7A3005CF1D52397C00A7B1A4 /* XTYCrashFinder.h */,
				7A3005D01D52397C00A7B1A4 /* XTYCrashFinder.m */,
			);
			name = CrashFinder;
			path = ../../CrashFinder;
			sourceTree = "<group>";
		};
/* End PBXGroup section */

/* Begin PBXNativeTarget section */
		7A3005901D5238DD00A7B1A4 /* XTYCrashFinder */ = {
			isa = PBXNativeTarget;
			buildConfigurationList = 7A3005C11D5238DD00A7B1A4 /* Build configuration list for PBXNativeTarget "XTYCrashFinder" */;
			buildPhases = (
				7A30058D1D5238DD00A7B1A4 /* Sources */,
				7A30058E1D5238DD00A7B1A4 /* Frameworks */,
				7A30058F1D5238DD00A7B1A4 /* Resources */,
			);
			buildRules = (
			);
			dependencies = (
			);
			name = XTYCrashFinder;
			productName = XTYCrashFinder;
			productReference = 7A3005911D5238DD00A7B1A4 /* XTYCrashFinder.app */;
			productType = "com.apple.product-type.application";
		};
		7A3005AC1D5238DD00A7B1A4 /* XTYCrashFinderTests */ = {
			isa = PBXNativeTarget;
			buildConfigurationList = 7A3005C41D5238DD00A7B1A4 /* Build configuration list for PBXNativeTarget "XTYCrashFinderTests" */;
			buildPhases = (
				7A3005A91D5238DD00A7B1A4 /* Sources */,
				7A3005AA1D5238DD00A7B1A4 /* Frameworks */,
				7A3005AB1D5238DD00A7B1A4 /* Resources */,
			);
			buildRules = (
			);
			dependencies = (
				7A3005AF1D5238DD00A7B1A4 /* PBXTargetDependency */,
			);
			name = XTYCrashFinderTests;
			productName = XTYCrashFinderTests;
			productReference = 7A3005AD1D5238DD00A7B1A4 /* XTYCrashFinderTests.xctest */;
			productType = "com.apple.product-type.bundle.unit-test";
		};
		7A3005B71D5238DD00A7B1A4 /* XTYCrashFinderUITests */ = {
			isa = PBXNativeTarget;
			buildConfigurationList = 7A3005C71D5238DD00A7B1A4 /* Build configuration list for PBXNativeTarget "XTYCrashFinderUITests" */;
			buildPhases = (
				7A3005B41D5238DD00A7B1A4 /* Sources */,
				7A3005B51D5238DD00A7B1A4 /* Frameworks */,
				7A3005B61D5238DD00A7B1A4 /* Resources */,
			);
			buildRules = (
			);
			dependencies = (
				7A3005BA1D5238DD00A7B1A4 /* PBXTargetDependency */,
			);
			name = XTYCrashFinderUITests;
			productName = XTYCrashFinderUITests;
			productReference = 7A3005B81D5238DD00A7B1A4 /* XTYCrashFinderUITests.xctest */;
			productType = "com.apple.product-type.bundle.ui-testing";
		};
/* End PBXNativeTarget section */

/* Begin PBXProject section */
		7A3005891D5238DD00A7B1A4 /* Project object */ = {
			isa = PBXProject;
			attributes = {
				LastUpgradeCheck = 0720;
				ORGANIZATIONNAME = Sunday;
				TargetAttributes = {
					7A3005901D5238DD00A7B1A4 = {
						CreatedOnToolsVersion = 7.2.1;
					};
					7A3005AC1D5238DD00A7B1A4 = {
						CreatedOnToolsVersion = 7.2.1;
						TestTargetID = 7A3005901D5238DD00A7B1A4;
					};
					7A3005B71D5238DD00A7B1A4 = {
						CreatedOnToolsVersion = 7.2.1;
						TestTargetID = 7A3005901D5238DD00A7B1A4;
					};
				};
			};
			buildConfigurationList = 7A30058C1D5238DD00A7B1A4 /* Build configuration list for PBXProject "XTYCrashFinder" */;
			compatibilityVersion = "Xcode 3.2";
			developmentRegion = English;
			hasScannedForEncodings = 0;
			knownRegions = (
				en,
				Base,
			);
			mainGroup = 7A3005881D5238DD00A7B1A4;
			productRefGroup = 7A3005921D5238DD00A7B1A4 /* Products */;
			projectDirPath = "";
			projectRoot = "";
			targets = (
				7A3005901D5238DD00A7B1A4 /* XTYCrashFinder */,
				7A3005AC1D5238DD00A7B1A4 /* XTYCrashFinderTests */,
				7A3005B71D5238DD00A7B1A4 /* XTYCrashFinderUITests */,
			);
		};
/* End PBXProject section */

/* Begin PBXResourcesBuildPhase section */
		7A30058F1D5238DD00A7B1A4 /* Resources */ = {
			isa = PBXResourcesBuildPhase;
			buildActionMask = 2147483647;
			files = (
				7A3005A71D5238DD00A7B1A4 /* LaunchScreen.storyboard in Resources */,
				7A3005A41D5238DD00A7B1A4 /* Assets.xcassets in Resources */,
				7A3005A21D5238DD00A7B1A4 /* Main.storyboard in Resources */,
			);
			runOnlyForDeploymentPostprocessing = 0;
		};
		7A3005AB1D5238DD00A7B1A4 /* Resources */ = {
			isa = PBXResourcesBuildPhase;
			buildActionMask = 2147483647;
			files = (
			);
			runOnlyForDeploymentPostprocessing = 0;
		};
		7A3005B61D5238DD00A7B1A4 /* Resources */ = {
			isa = PBXResourcesBuildPhase;
			buildActionMask = 2147483647;
			files = (
			);
			runOnlyForDeploymentPostprocessing = 0;
		};
/* End PBXResourcesBuildPhase section */

/* Begin PBXSourcesBuildPhase section */
		7A30058D1D5238DD00A7B1A4 /* Sources */ = {
			isa = PBXSourcesBuildPhase;
			buildActionMask = 2147483647;
			files = (
				7A3005991D5238DD00A7B1A4 /* AppDelegate.m in Sources */,
				7A3005D11D52397C00A7B1A4 /* XTYCrashFinder.m in Sources */,
				7A30059C1D5238DD00A7B1A4 /* MasterViewController.m in Sources */,
				7A3005961D5238DD00A7B1A4 /* main.m in Sources */,
				7A30059F1D5238DD00A7B1A4 /* DetailViewController.m in Sources */,
				7A3005CE1D52395200A7B1A4 /* XTYCrashFinderItem.m in Sources */,
			);
			runOnlyForDeploymentPostprocessing = 0;
		};
		7A3005A91D5238DD00A7B1A4 /* Sources */ = {
			isa = PBXSourcesBuildPhase;
			buildActionMask = 2147483647;
			files = (
				7A3005B21D5238DD00A7B1A4 /* XTYCrashFinderTests.m in Sources */,
			);
			runOnlyForDeploymentPostprocessing = 0;
		};
		7A3005B41D5238DD00A7B1A4 /* Sources */ = {
			isa = PBXSourcesBuildPhase;
			buildActionMask = 2147483647;
			files = (
				7A3005BD1D5238DD00A7B1A4 /* XTYCrashFinderUITests.m in Sources */,
			);
			runOnlyForDeploymentPostprocessing = 0;
		};
/* End PBXSourcesBuildPhase section */

/* Begin PBXTargetDependency section */
		7A3005AF1D5238DD00A7B1A4 /* PBXTargetDependency */ = {
			isa = PBXTargetDependency;
			target = 7A3005901D5238DD00A7B1A4 /* XTYCrashFinder */;
			targetProxy = 7A3005AE1D5238DD00A7B1A4 /* PBXContainerItemProxy */;
		};
		7A3005BA1D5238DD00A7B1A4 /* PBXTargetDependency */ = {
			isa = PBXTargetDependency;
			target = 7A3005901D5238DD00A7B1A4 /* XTYCrashFinder */;
			targetProxy = 7A3005B91D5238DD00A7B1A4 /* PBXContainerItemProxy */;
		};
/* End PBXTargetDependency section */

/* Begin PBXVariantGroup section */
		7A3005A01D5238DD00A7B1A4 /* Main.storyboard */ = {
			isa = PBXVariantGroup;
			children = (
				7A3005A11D5238DD00A7B1A4 /* Base */,
			);
			name = Main.storyboard;
			sourceTree = "<group>";
		};
		7A3005A51D5238DD00A7B1A4 /* LaunchScreen.storyboard */ = {
			isa = PBXVariantGroup;
			children = (
				7A3005A61D5238DD00A7B1A4 /* Base */,
			);
			name = LaunchScreen.storyboard;
			sourceTree = "<group>";
		};
/* End PBXVariantGroup section */

/* Begin XCBuildConfiguration section */
		7A3005BF1D5238DD00A7B1A4 /* Debug */ = {
			isa = XCBuildConfiguration;
			buildSettings = {
				ALWAYS_SEARCH_USER_PATHS = NO;
				CLANG_CXX_LANGUAGE_STANDARD = "gnu++0x";
				CLANG_CXX_LIBRARY = "libc++";
				CLANG_ENABLE_MODULES = YES;
				CLANG_ENABLE_OBJC_ARC = YES;
				CLANG_WARN_BOOL_CONVERSION = YES;
				CLANG_WARN_CONSTANT_CONVERSION = YES;
				CLANG_WARN_DIRECT_OBJC_ISA_USAGE = YES_ERROR;
				CLANG_WARN_EMPTY_BODY = YES;
				CLANG_WARN_ENUM_CONVERSION = YES;
				CLANG_WARN_INT_CONVERSION = YES;
				CLANG_WARN_OBJC_ROOT_CLASS = YES_ERROR;
				CLANG_WARN_UNREACHABLE_CODE = YES;
				CLANG_WARN__DUPLICATE_METHOD_MATCH = YES;
				"CODE_SIGN_IDENTITY[sdk=iphoneos*]" = "iPhone Developer";
				COPY_PHASE_STRIP = NO;
				DEBUG_INFORMATION_FORMAT = dwarf;
				ENABLE_STRICT_OBJC_MSGSEND = YES;
				ENABLE_TESTABILITY = YES;
				GCC_C_LANGUAGE_STANDARD = gnu99;
				GCC_DYNAMIC_NO_PIC = NO;
				GCC_NO_COMMON_BLOCKS = YES;
				GCC_OPTIMIZATION_LEVEL = 0;
				GCC_PREPROCESSOR_DEFINITIONS = (
					"DEBUG=1",
					"$(inherited)",
				);
				GCC_WARN_64_TO_32_BIT_CONVERSION = YES;
				GCC_WARN_ABOUT_RETURN_TYPE = YES_ERROR;
				GCC_WARN_UNDECLARED_SELECTOR = YES;
				GCC_WARN_UNINITIALIZED_AUTOS = YES_AGGRESSIVE;
				GCC_WARN_UNUSED_FUNCTION = YES;
				GCC_WARN_UNUSED_VARIABLE = YES;
				IPHONEOS_DEPLOYMENT_TARGET = 9.2;
				MTL_ENABLE_DEBUG_INFO = YES;
				ONLY_ACTIVE_ARCH = YES;
				SDKROOT = iphoneos;
			};
			name = Debug;
		};
		7A3005C01D5238DD00A7B1A4 /* Release */ = {
			isa = XCBuildConfiguration;
			buildSettings = {
				ALWAYS_SEARCH_USER_PATHS = NO;
				CLANG_CXX_LANGUAGE_STANDARD = "gnu++0x";
				CLANG_CXX_LIBRARY = "libc++";
				CLANG_ENABLE_MODULES = YES;
				CLANG_ENABLE_OBJC_ARC = YES;
				CLANG_WARN_BOOL_CONVERSION = YES;
				CLANG_WARN_CONSTANT_CONVERSION = YES;
				CLANG_WARN_DIRECT_OBJC_ISA_USAGE = YES_ERROR;
				CLANG_WARN_EMPTY_BODY = YES;
				CLANG_WARN_ENUM_CONVERSION = YES;
				CLANG_WARN_INT_CONVERSION = YES;
				CLANG_WARN_OBJC_ROOT_CLASS = YES_ERROR;
				CLANG_WARN_UNREACHABLE_CODE = YES;
				CLANG_WARN__DUPLICATE_METHOD_MATCH = YES;
				"CODE_SIGN_IDENTITY[sdk=iphoneos*]" = "iPhone Developer";
				COPY_PHASE_STRIP = NO;
				DEBUG_INFORMATION_FORMAT = "dwarf-with-dsym";
				ENABLE_NS_ASSERTIONS = NO;
				ENABLE_STRICT_OBJC_MSGSEND = YES;
				GCC_C_LANGUAGE_STANDARD = gnu99;
				GCC_NO_COMMON_BLOCKS = YES;
				GCC_WARN_64_TO_32_BIT_CONVERSION = YES;
				GCC_WARN_ABOUT_RETURN_TYPE = YES_ERROR;
				GCC_WARN_UNDECLARED_SELECTOR = YES;
				GCC_WARN_UNINITIALIZED_AUTOS = YES_AGGRESSIVE;
				GCC_WARN_UNUSED_FUNCTION = YES;
				GCC_WARN_UNUSED_VARIABLE = YES;
				IPHONEOS_DEPLOYMENT_TARGET = 9.2;
				MTL_ENABLE_DEBUG_INFO = NO;
				SDKROOT = iphoneos;
				VALIDATE_PRODUCT = YES;
			};
			name = Release;
		};
		7A3005C21D5238DD00A7B1A4 /* Debug */ = {
			isa = XCBuildConfiguration;
			buildSettings = {
				ASSETCATALOG_COMPILER_APPICON_NAME = AppIcon;
				INFOPLIST_FILE = XTYCrashFinder/Info.plist;
				LD_RUNPATH_SEARCH_PATHS = "$(inherited) @executable_path/Frameworks";
				PRODUCT_BUNDLE_IDENTIFIER = Sunday.XTYCrashFinder;
				PRODUCT_NAME = "$(TARGET_NAME)";
			};
			name = Debug;
		};
		7A3005C31D5238DD00A7B1A4 /* Release */ = {
			isa = XCBuildConfiguration;
			buildSettings = {
				ASSETCATALOG_COMPILER_APPICON_NAME = AppIcon;
				INFOPLIST_FILE = XTYCrashFinder/Info.plist;
				LD_RUNPATH_SEARCH_PATHS = "$(inherited) @executable_path/Frameworks";
				PRODUCT_BUNDLE_IDENTIFIER = Sunday.XTYCrashFinder;
				PRODUCT_NAME = "$(TARGET_NAME)";
			};
			name = Release;
		};
		7A3005C51D5238DD00A7B1A4 /* Debug */ = {
			isa = XCBuildConfiguration;
			buildSettings = {
				BUNDLE_LOADER = "$(TEST_HOST)";
				INFOPLIST_FILE = XTYCrashFinderTests/Info.plist;
				LD_RUNPATH_SEARCH_PATHS = "$(inherited) @executable_path/Frameworks @loader_path/Frameworks";
				PRODUCT_BUNDLE_IDENTIFIER = Sunday.XTYCrashFinderTests;
				PRODUCT_NAME = "$(TARGET_NAME)";
				TEST_HOST = "$(BUILT_PRODUCTS_DIR)/XTYCrashFinder.app/XTYCrashFinder";
			};
			name = Debug;
		};
		7A3005C61D5238DD00A7B1A4 /* Release */ = {
			isa = XCBuildConfiguration;
			buildSettings = {
				BUNDLE_LOADER = "$(TEST_HOST)";
				INFOPLIST_FILE = XTYCrashFinderTests/Info.plist;
				LD_RUNPATH_SEARCH_PATHS = "$(inherited) @executable_path/Frameworks @loader_path/Frameworks";
				PRODUCT_BUNDLE_IDENTIFIER = Sunday.XTYCrashFinderTests;
				PRODUCT_NAME = "$(TARGET_NAME)";
				TEST_HOST = "$(BUILT_PRODUCTS_DIR)/XTYCrashFinder.app/XTYCrashFinder";
			};
			name = Release;
		};
		7A3005C81D5238DD00A7B1A4 /* Debug */ = {
			isa = XCBuildConfiguration;
			buildSettings = {
				INFOPLIST_FILE = XTYCrashFinderUITests/Info.plist;
				LD_RUNPATH_SEARCH_PATHS = "$(inherited) @executable_path/Frameworks @loader_path/Frameworks";
				PRODUCT_BUNDLE_IDENTIFIER = Sunday.XTYCrashFinderUITests;
				PRODUCT_NAME = "$(TARGET_NAME)";
				TEST_TARGET_NAME = XTYCrashFinder;
				USES_XCTRUNNER = YES;
			};
			name = Debug;
		};
		7A3005C91D5238DD00A7B1A4 /* Release */ = {
			isa = XCBuildConfiguration;
			buildSettings = {
				INFOPLIST_FILE = XTYCrashFinderUITests/Info.plist;
				LD_RUNPATH_SEARCH_PATHS = "$(inherited) @executable_path/Frameworks @loader_path/Frameworks";
				PRODUCT_BUNDLE_IDENTIFIER = Sunday.XTYCrashFinderUITests;
				PRODUCT_NAME = "$(TARGET_NAME)";
				TEST_TARGET_NAME = XTYCrashFinder;
				USES_XCTRUNNER = YES;
			};
			name = Release;
		};
/* End XCBuildConfiguration section */

/* Begin XCConfigurationList section */
		7A30058C1D5238DD00A7B1A4 /* Build configuration list for PBXProject "XTYCrashFinder" */ = {
			isa = XCConfigurationList;
			buildConfigurations = (
				7A3005BF1D5238DD00A7B1A4 /* Debug */,
				7A3005C01D5238DD00A7B1A4 /* Release */,
			);
			defaultConfigurationIsVisible = 0;
			defaultConfigurationName = Release;
		};
		7A3005C11D5238DD00A7B1A4 /* Build configuration list for PBXNativeTarget "XTYCrashFinder" */ = {
			isa = XCConfigurationList;
			buildConfigurations = (
				7A3005C21D5238DD00A7B1A4 /* Debug */,
				7A3005C31D5238DD00A7B1A4 /* Release */,
			);
			defaultConfigurationIsVisible = 0;
		};
		7A3005C41D5238DD00A7B1A4 /* Build configuration list for PBXNativeTarget "XTYCrashFinderTests" */ = {
			isa = XCConfigurationList;
			buildConfigurations = (
				7A3005C51D5238DD00A7B1A4 /* Debug */,
				7A3005C61D5238DD00A7B1A4 /* Release */,
			);
			defaultConfigurationIsVisible = 0;
		};
		7A3005C71D5238DD00A7B1A4 /* Build configuration list for PBXNativeTarget "XTYCrashFinderUITests" */ = {
			isa = XCConfigurationList;
			buildConfigurations = (
				7A3005C81D5238DD00A7B1A4 /* Debug */,
				7A3005C91D5238DD00A7B1A4 /* Release */,
			);
			defaultConfigurationIsVisible = 0;
		};
/* End XCConfigurationList section */
	};
	rootObject = 7A3005891D5238DD00A7B1A4 /* Project object */;
}
